
Microsoft Visual Studio Solution File, Format Version 12.00
# Visual Studio 2012
Project("{FAE04EC0-301F-11D3-BF4B-00C04F79EFBC}") = "Add And Delete Button", "Add And Delete Button\Add And Delete Button.csproj", "{80B92868-76C5-4302-B0AB-7D7894DE5E99}"
EndProject
Global
	GlobalSection(SolutionConfigurationPlatforms) = preSolution
		Debug|Any CPU = Debug|Any CPU
		Release|Any CPU = Release|Any CPU
	EndGlobalSection
	GlobalSection(ProjectConfigurationPlatforms) = postSolution
		{80B92868-76C5-4302-B0AB-7D7894DE5E99}.Debug|Any CPU.ActiveCfg = Debug|Any CPU
		{80B92868-76C5-4302-B0AB-7D7894DE5E99}.Debug|Any CPU.Build.0 = Debug|Any CPU
		{80B92868-76C5-4302-B0AB-7D7894DE5E99}.Release|Any CPU.ActiveCfg = Release|Any CPU
		{80B92868-76C5-4302-B0AB-7D7894DE5E99}.Release|Any CPU.Build.0 = Release|Any CPU
	EndGlobalSection
	GlobalSection(SolutionProperties) = preSolution
		HideSolutionNode = FALSE
	EndGlobalSection
EndGlobal
